<Solution>
  <Folder Name="/src/">
    <Project Path="src/SreAgent.Api/SreAgent.Api.csproj" />
    <Project Path="src/SreAgent.Application/SreAgent.Application.csproj" />
    <Project Path="src/SreAgent.Framework/SreAgent.Framework.csproj" />
    <Project Path="src/SreAgent.Infrastrcture/SreAgent.Infrastrcture.csproj" />
    <Project Path="src/SreAgent.Repository/SreAgent.Repository.csproj" />
  </Folder>
  <Folder Name="/tests/">
    <Project Path="tests/SreAgent.Api.Tests/SreAgent.Api.Tests.csproj" />
    <Project Path="tests/SreAgent.Application.Tests/SreAgent.Application.Tests.csproj" />
    <Project Path="tests/SreAgent.Framework.Tests/SreAgent.Framework.Tests.csproj" />
  </Folder>
</Solution>
